// !$*UTF8*$!
{
	archiveVersion = 1;
	classes = {
	};
	objectVersion = 46;
	objects = {

/* Begin PBXBuildFile section */
		750DA83513844B530078D0CC /* RenameObjectOperation.h in Headers */ = {isa = PBXBuildFile; fileRef = 750DA83313844B530078D0CC /* RenameObjectOperation.h */; settings = {ATTRIBUTES = (Public, ); }; };
		750DA83613844B530078D0CC /* RenameObjectOperation.m in Sources */ = {isa = PBXBuildFile; fileRef = 750DA83413844B530078D0CC /* RenameObjectOperation.m */; };
		75B4BEDD137B304100449FCC /* AtmosObjectResult.h in Headers */ = {isa = PBXBuildFile; fileRef = 75B4BEDB137B304100449FCC /* AtmosObjectResult.h */; settings = {ATTRIBUTES = (Public, ); }; };
		75B4BEDE137B304100449FCC /* AtmosObjectResult.m in Sources */ = {isa = PBXBuildFile; fileRef = 75B4BEDC137B304100449FCC /* AtmosObjectResult.m */; };
		75F16D5E13B1098C004A96A3 /* ServiceInformation.h in Headers */ = {isa = PBXBuildFile; fileRef = 75F16D5C13B1098C004A96A3 /* ServiceInformation.h */; settings = {ATTRIBUTES = (Public, ); }; };
		75F16D5F13B1098C004A96A3 /* ServiceInformation.m in Sources */ = {isa = PBXBuildFile; fileRef = 75F16D5D13B1098C004A96A3 /* ServiceInformation.m */; };
		75F16D6313B130A8004A96A3 /* GetServiceInformationOperation.h in Headers */ = {isa = PBXBuildFile; fileRef = 75F16D6113B130A8004A96A3 /* GetServiceInformationOperation.h */; };
		75F16D6413B130A8004A96A3 /* GetServiceInformationOperation.m in Sources */ = {isa = PBXBuildFile; fileRef = 75F16D6213B130A8004A96A3 /* GetServiceInformationOperation.m */; };
		96213BDB1379C65300DA6CC6 /* GetServerOffsetOperation.h in Headers */ = {isa = PBXBuildFile; fileRef = 96213BD91379C65300DA6CC6 /* GetServerOffsetOperation.h */; settings = {ATTRIBUTES = (Public, ); }; };
		96213BDC1379C65300DA6CC6 /* GetServerOffsetOperation.m in Sources */ = {isa = PBXBuildFile; fileRef = 96213BDA1379C65300DA6CC6 /* GetServerOffsetOperation.m */; };
		96213BE01379C6B900DA6CC6 /* GetServerOffsetResult.h in Headers */ = {isa = PBXBuildFile; fileRef = 96213BDE1379C6B900DA6CC6 /* GetServerOffsetResult.h */; settings = {ATTRIBUTES = (Public, ); }; };
		96213BE11379C6B900DA6CC6 /* GetServerOffsetResult.m in Sources */ = {isa = PBXBuildFile; fileRef = 96213BDF1379C6B900DA6CC6 /* GetServerOffsetResult.m */; };
		963C12DF1371E722008AB91F /* UploadProgress.h in Headers */ = {isa = PBXBuildFile; fileRef = 963C12DD1371E721008AB91F /* UploadProgress.h */; settings = {ATTRIBUTES = (Public, ); }; };
		963C12E01371E722008AB91F /* UploadProgress.m in Sources */ = {isa = PBXBuildFile; fileRef = 963C12DE1371E722008AB91F /* UploadProgress.m */; };
		963C12E31371ED8C008AB91F /* AtmosRange.h in Headers */ = {isa = PBXBuildFile; fileRef = 963C12E11371ED8C008AB91F /* AtmosRange.h */; settings = {ATTRIBUTES = (Public, ); }; };
		963C12E41371ED8C008AB91F /* AtmosRange.m in Sources */ = {isa = PBXBuildFile; fileRef = 963C12E21371ED8C008AB91F /* AtmosRange.m */; };
		963C12E713732B21008AB91F /* ListObjectsResult.h in Headers */ = {isa = PBXBuildFile; fileRef = 963C12E513732B21008AB91F /* ListObjectsResult.h */; settings = {ATTRIBUTES = (Public, ); }; };
		963C12E813732B21008AB91F /* ListObjectsResult.m in Sources */ = {isa = PBXBuildFile; fileRef = 963C12E613732B21008AB91F /* ListObjectsResult.m */; };
		963C12EB137397E3008AB91F /* DownloadProgress.h in Headers */ = {isa = PBXBuildFile; fileRef = 963C12E9137397E1008AB91F /* DownloadProgress.h */; settings = {ATTRIBUTES = (Public, ); }; };
		963C12EC137397E3008AB91F /* DownloadProgress.m in Sources */ = {isa = PBXBuildFile; fileRef = 963C12EA137397E2008AB91F /* DownloadProgress.m */; };
		967CB6C21371A038003C9523 /* AtmosResult.h in Headers */ = {isa = PBXBuildFile; fileRef = 967CB6C01371A038003C9523 /* AtmosResult.h */; settings = {ATTRIBUTES = (Public, ); }; };
		967CB6C31371A038003C9523 /* AtmosResult.m in Sources */ = {isa = PBXBuildFile; fileRef = 967CB6C11371A038003C9523 /* AtmosResult.m */; };
		967CB6C61371A13E003C9523 /* GetListableTagsResult.h in Headers */ = {isa = PBXBuildFile; fileRef = 967CB6C41371A13D003C9523 /* GetListableTagsResult.h */; settings = {ATTRIBUTES = (Public, ); }; };
		967CB6C71371A13E003C9523 /* GetListableTagsResult.m in Sources */ = {isa = PBXBuildFile; fileRef = 967CB6C51371A13D003C9523 /* GetListableTagsResult.m */; };
		969903E913788D5A0063DE0F /* ListDirectoryResult.h in Headers */ = {isa = PBXBuildFile; fileRef = 969903E713788D5A0063DE0F /* ListDirectoryResult.h */; settings = {ATTRIBUTES = (Public, ); }; };
		969903EA13788D5A0063DE0F /* ListDirectoryResult.m in Sources */ = {isa = PBXBuildFile; fileRef = 969903E813788D5A0063DE0F /* ListDirectoryResult.m */; };
		96A4C430136F211E0038239F /* Foundation.framework in Frameworks */ = {isa = PBXBuildFile; fileRef = 96A4C42F136F211E0038239F /* Foundation.framework */; };
		96A52D1C136F236B00ED175D /* NSData+Additions.h in Headers */ = {isa = PBXBuildFile; fileRef = 96A52CFD136F236B00ED175D /* NSData+Additions.h */; settings = {ATTRIBUTES = (Public, ); }; };
		96A52D1D136F236B00ED175D /* NSData+Additions.m in Sources */ = {isa = PBXBuildFile; fileRef = 96A52CFE136F236B00ED175D /* NSData+Additions.m */; };
		96A52D1E136F236B00ED175D /* AtmosBaseOperation.h in Headers */ = {isa = PBXBuildFile; fileRef = 96A52CFF136F236B00ED175D /* AtmosBaseOperation.h */; settings = {ATTRIBUTES = (Public, ); }; };
		96A52D1F136F236B00ED175D /* AtmosBaseOperation.m in Sources */ = {isa = PBXBuildFile; fileRef = 96A52D00136F236B00ED175D /* AtmosBaseOperation.m */; };
		96A52D20136F236B00ED175D /* AtmosCredentials.h in Headers */ = {isa = PBXBuildFile; fileRef = 96A52D01136F236B00ED175D /* AtmosCredentials.h */; settings = {ATTRIBUTES = (Public, ); }; };
		96A52D21136F236B00ED175D /* AtmosCredentials.m in Sources */ = {isa = PBXBuildFile; fileRef = 96A52D02136F236B00ED175D /* AtmosCredentials.m */; };
		96A52D22136F236B00ED175D /* AtmosStore.h in Headers */ = {isa = PBXBuildFile; fileRef = 96A52D03136F236B00ED175D /* AtmosStore.h */; settings = {ATTRIBUTES = (Public, ); }; };
		96A52D23136F236B00ED175D /* AtmosStore.m in Sources */ = {isa = PBXBuildFile; fileRef = 96A52D04136F236B00ED175D /* AtmosStore.m */; };
		96A52D24136F236B00ED175D /* AtmosObject.h in Headers */ = {isa = PBXBuildFile; fileRef = 96A52D05136F236B00ED175D /* AtmosObject.h */; settings = {ATTRIBUTES = (Public, ); }; };
		96A52D25136F236B00ED175D /* AtmosObject.m in Sources */ = {isa = PBXBuildFile; fileRef = 96A52D06136F236B00ED175D /* AtmosObject.m */; };
		96A52D27136F236B00ED175D /* ListObjectsOperation.h in Headers */ = {isa = PBXBuildFile; fileRef = 96A52D08136F236B00ED175D /* ListObjectsOperation.h */; settings = {ATTRIBUTES = (Public, ); }; };
		96A52D28136F236B00ED175D /* ListObjectsOperation.m in Sources */ = {isa = PBXBuildFile; fileRef = 96A52D09136F236B00ED175D /* ListObjectsOperation.m */; };
		96A52D29136F236B00ED175D /* DownloadObjectOperation.h in Headers */ = {isa = PBXBuildFile; fileRef = 96A52D0A136F236B00ED175D /* DownloadObjectOperation.h */; settings = {ATTRIBUTES = (Public, ); }; };
		96A52D2A136F236B00ED175D /* DownloadObjectOperation.m in Sources */ = {isa = PBXBuildFile; fileRef = 96A52D0B136F236B00ED175D /* DownloadObjectOperation.m */; };
		96A52D2B136F236B00ED175D /* GetListableTagsOperation.h in Headers */ = {isa = PBXBuildFile; fileRef = 96A52D0C136F236B00ED175D /* GetListableTagsOperation.h */; settings = {ATTRIBUTES = (Public, ); }; };
		96A52D2C136F236B00ED175D /* GetListableTagsOperation.m in Sources */ = {isa = PBXBuildFile; fileRef = 96A52D0D136F236B00ED175D /* GetListableTagsOperation.m */; };
		96A52D2D136F236B00ED175D /* AtmosError.h in Headers */ = {isa = PBXBuildFile; fileRef = 96A52D0E136F236B00ED175D /* AtmosError.h */; settings = {ATTRIBUTES = (Public, ); }; };
		96A52D2E136F236B00ED175D /* AtmosError.m in Sources */ = {isa = PBXBuildFile; fileRef = 96A52D0F136F236B00ED175D /* AtmosError.m */; };
		96A52D2F136F236B00ED175D /* GetMetadataOperation.h in Headers */ = {isa = PBXBuildFile; fileRef = 96A52D10136F236B00ED175D /* GetMetadataOperation.h */; settings = {ATTRIBUTES = (Public, ); }; };
		96A52D30136F236B00ED175D /* GetMetadataOperation.m in Sources */ = {isa = PBXBuildFile; fileRef = 96A52D11136F236B00ED175D /* GetMetadataOperation.m */; };
		96A52D31136F236B00ED175D /* SetMetadataOperation.h in Headers */ = {isa = PBXBuildFile; fileRef = 96A52D12136F236B00ED175D /* SetMetadataOperation.h */; settings = {ATTRIBUTES = (Public, ); }; };
		96A52D32136F236B00ED175D /* SetMetadataOperation.m in Sources */ = {isa = PBXBuildFile; fileRef = 96A52D13136F236B00ED175D /* SetMetadataOperation.m */; };
		96A52D33136F236B00ED175D /* ObjectUploadOperation.h in Headers */ = {isa = PBXBuildFile; fileRef = 96A52D14136F236B00ED175D /* ObjectUploadOperation.h */; settings = {ATTRIBUTES = (Public, ); }; };
		96A52D34136F236B00ED175D /* ObjectUploadOperation.m in Sources */ = {isa = PBXBuildFile; fileRef = 96A52D15136F236B00ED175D /* ObjectUploadOperation.m */; };
		96A52D35136F236B00ED175D /* DeleteObjectOperation.h in Headers */ = {isa = PBXBuildFile; fileRef = 96A52D16136F236B00ED175D /* DeleteObjectOperation.h */; settings = {ATTRIBUTES = (Public, ); }; };
		96A52D36136F236B00ED175D /* DeleteObjectOperation.m in Sources */ = {isa = PBXBuildFile; fileRef = 96A52D17136F236B00ED175D /* DeleteObjectOperation.m */; };
		96A52D37136F236B00ED175D /* ListDirectoryOperation.h in Headers */ = {isa = PBXBuildFile; fileRef = 96A52D18136F236B00ED175D /* ListDirectoryOperation.h */; settings = {ATTRIBUTES = (Public, ); }; };
		96A52D38136F236B00ED175D /* ListDirectoryOperation.m in Sources */ = {isa = PBXBuildFile; fileRef = 96A52D19136F236B00ED175D /* ListDirectoryOperation.m */; };
		96A52D39136F236B00ED175D /* DeleteMetadataOperation.h in Headers */ = {isa = PBXBuildFile; fileRef = 96A52D1A136F236B00ED175D /* DeleteMetadataOperation.h */; settings = {ATTRIBUTES = (Public, ); }; };
		96A52D3A136F236B00ED175D /* DeleteMetadataOperation.m in Sources */ = {isa = PBXBuildFile; fileRef = 96A52D1B136F236B00ED175D /* DeleteMetadataOperation.m */; };
/* End PBXBuildFile section */

/* Begin PBXFileReference section */
		750DA83313844B530078D0CC /* RenameObjectOperation.h */ = {isa = PBXFileReference; fileEncoding = 4; lastKnownFileType = sourcecode.c.h; path = RenameObjectOperation.h; sourceTree = "<group>"; };
		750DA83413844B530078D0CC /* RenameObjectOperation.m */ = {isa = PBXFileReference; fileEncoding = 4; lastKnownFileType = sourcecode.c.objc; path = RenameObjectOperation.m; sourceTree = "<group>"; };
		75B4BEDB137B304100449FCC /* AtmosObjectResult.h */ = {isa = PBXFileReference; fileEncoding = 4; lastKnownFileType = sourcecode.c.h; path = AtmosObjectResult.h; sourceTree = "<group>"; };
		75B4BEDC137B304100449FCC /* AtmosObjectResult.m */ = {isa = PBXFileReference; fileEncoding = 4; lastKnownFileType = sourcecode.c.objc; path = AtmosObjectResult.m; sourceTree = "<group>"; };
		75F16D5C13B1098C004A96A3 /* ServiceInformation.h */ = {isa = PBXFileReference; fileEncoding = 4; lastKnownFileType = sourcecode.c.h; path = ServiceInformation.h; sourceTree = "<group>"; };
		75F16D5D13B1098C004A96A3 /* ServiceInformation.m */ = {isa = PBXFileReference; fileEncoding = 4; lastKnownFileType = sourcecode.c.objc; path = ServiceInformation.m; sourceTree = "<group>"; };
		75F16D6113B130A8004A96A3 /* GetServiceInformationOperation.h */ = {isa = PBXFileReference; fileEncoding = 4; lastKnownFileType = sourcecode.c.h; path = GetServiceInformationOperation.h; sourceTree = "<group>"; };
		75F16D6213B130A8004A96A3 /* GetServiceInformationOperation.m */ = {isa = PBXFileReference; fileEncoding = 4; lastKnownFileType = sourcecode.c.objc; path = GetServiceInformationOperation.m; sourceTree = "<group>"; };
		96213BD91379C65300DA6CC6 /* GetServerOffsetOperation.h */ = {isa = PBXFileReference; fileEncoding = 4; lastKnownFileType = sourcecode.c.h; path = GetServerOffsetOperation.h; sourceTree = "<group>"; };
		96213BDA1379C65300DA6CC6 /* GetServerOffsetOperation.m */ = {isa = PBXFileReference; fileEncoding = 4; lastKnownFileType = sourcecode.c.objc; path = GetServerOffsetOperation.m; sourceTree = "<group>"; };
		96213BDE1379C6B900DA6CC6 /* GetServerOffsetResult.h */ = {isa = PBXFileReference; fileEncoding = 4; lastKnownFileType = sourcecode.c.h; path = GetServerOffsetResult.h; sourceTree = "<group>"; };
		96213BDF1379C6B900DA6CC6 /* GetServerOffsetResult.m */ = {isa = PBXFileReference; fileEncoding = 4; lastKnownFileType = sourcecode.c.objc; path = GetServerOffsetResult.m; sourceTree = "<group>"; };
		963C12DD1371E721008AB91F /* UploadProgress.h */ = {isa = PBXFileReference; fileEncoding = 4; lastKnownFileType = sourcecode.c.h; path = UploadProgress.h; sourceTree = "<group>"; };
		963C12DE1371E722008AB91F /* UploadProgress.m */ = {isa = PBXFileReference; fileEncoding = 4; lastKnownFileType = sourcecode.c.objc; path = UploadProgress.m; sourceTree = "<group>"; };
		963C12E11371ED8C008AB91F /* AtmosRange.h */ = {isa = PBXFileReference; fileEncoding = 4; lastKnownFileType = sourcecode.c.h; path = AtmosRange.h; sourceTree = "<group>"; };
		963C12E21371ED8C008AB91F /* AtmosRange.m */ = {isa = PBXFileReference; fileEncoding = 4; lastKnownFileType = sourcecode.c.objc; path = AtmosRange.m; sourceTree = "<group>"; };
		963C12E513732B21008AB91F /* ListObjectsResult.h */ = {isa = PBXFileReference; fileEncoding = 4; lastKnownFileType = sourcecode.c.h; path = ListObjectsResult.h; sourceTree = "<group>"; };
		963C12E613732B21008AB91F /* ListObjectsResult.m */ = {isa = PBXFileReference; fileEncoding = 4; lastKnownFileType = sourcecode.c.objc; path = ListObjectsResult.m; sourceTree = "<group>"; };
		963C12E9137397E1008AB91F /* DownloadProgress.h */ = {isa = PBXFileReference; fileEncoding = 4; lastKnownFileType = sourcecode.c.h; path = DownloadProgress.h; sourceTree = "<group>"; };
		963C12EA137397E2008AB91F /* DownloadProgress.m */ = {isa = PBXFileReference; fileEncoding = 4; lastKnownFileType = sourcecode.c.objc; path = DownloadProgress.m; sourceTree = "<group>"; };
		967CB6BE13719147003C9523 /* readme.txt */ = {isa = PBXFileReference; fileEncoding = 4; lastKnownFileType = text; path = readme.txt; sourceTree = "<group>"; };
		967CB6C01371A038003C9523 /* AtmosResult.h */ = {isa = PBXFileReference; fileEncoding = 4; lastKnownFileType = sourcecode.c.h; path = AtmosResult.h; sourceTree = "<group>"; };
		967CB6C11371A038003C9523 /* AtmosResult.m */ = {isa = PBXFileReference; fileEncoding = 4; lastKnownFileType = sourcecode.c.objc; path = AtmosResult.m; sourceTree = "<group>"; };
		967CB6C41371A13D003C9523 /* GetListableTagsResult.h */ = {isa = PBXFileReference; fileEncoding = 4; lastKnownFileType = sourcecode.c.h; path = GetListableTagsResult.h; sourceTree = "<group>"; };
		967CB6C51371A13D003C9523 /* GetListableTagsResult.m */ = {isa = PBXFileReference; fileEncoding = 4; lastKnownFileType = sourcecode.c.objc; path = GetListableTagsResult.m; sourceTree = "<group>"; };
		969903E713788D5A0063DE0F /* ListDirectoryResult.h */ = {isa = PBXFileReference; fileEncoding = 4; lastKnownFileType = sourcecode.c.h; path = ListDirectoryResult.h; sourceTree = "<group>"; };
		969903E813788D5A0063DE0F /* ListDirectoryResult.m */ = {isa = PBXFileReference; fileEncoding = 4; lastKnownFileType = sourcecode.c.objc; path = ListDirectoryResult.m; sourceTree = "<group>"; };
		96A4C42C136F211E0038239F /* libatmos.a */ = {isa = PBXFileReference; explicitFileType = archive.ar; includeInIndex = 0; path = libatmos.a; sourceTree = BUILT_PRODUCTS_DIR; };
		96A4C42F136F211E0038239F /* Foundation.framework */ = {isa = PBXFileReference; lastKnownFileType = wrapper.framework; name = Foundation.framework; path = System/Library/Frameworks/Foundation.framework; sourceTree = SDKROOT; };
		96A4C433136F211E0038239F /* atmos-ios-Prefix.pch */ = {isa = PBXFileReference; lastKnownFileType = sourcecode.c.h; path = "atmos-ios-Prefix.pch"; sourceTree = "<group>"; };
		96A4C43A136F211E0038239F /* UIKit.framework */ = {isa = PBXFileReference; lastKnownFileType = wrapper.framework; name = UIKit.framework; path = System/Library/Frameworks/UIKit.framework; sourceTree = SDKROOT; };
		96A4C43D136F211E0038239F /* CoreGraphics.framework */ = {isa = PBXFileReference; lastKnownFileType = wrapper.framework; name = CoreGraphics.framework; path = System/Library/Frameworks/CoreGraphics.framework; sourceTree = SDKROOT; };
		96A52CFD136F236B00ED175D /* NSData+Additions.h */ = {isa = PBXFileReference; fileEncoding = 4; lastKnownFileType = sourcecode.c.h; path = "NSData+Additions.h"; sourceTree = "<group>"; };
		96A52CFE136F236B00ED175D /* NSData+Additions.m */ = {isa = PBXFileReference; fileEncoding = 4; lastKnownFileType = sourcecode.c.objc; path = "NSData+Additions.m"; sourceTree = "<group>"; };
		96A52CFF136F236B00ED175D /* AtmosBaseOperation.h */ = {isa = PBXFileReference; fileEncoding = 4; lastKnownFileType = sourcecode.c.h; path = AtmosBaseOperation.h; sourceTree = "<group>"; };
		96A52D00136F236B00ED175D /* AtmosBaseOperation.m */ = {isa = PBXFileReference; fileEncoding = 4; lastKnownFileType = sourcecode.c.objc; path = AtmosBaseOperation.m; sourceTree = "<group>"; };
		96A52D01136F236B00ED175D /* AtmosCredentials.h */ = {isa = PBXFileReference; fileEncoding = 4; lastKnownFileType = sourcecode.c.h; path = AtmosCredentials.h; sourceTree = "<group>"; };
		96A52D02136F236B00ED175D /* AtmosCredentials.m */ = {isa = PBXFileReference; fileEncoding = 4; lastKnownFileType = sourcecode.c.objc; path = AtmosCredentials.m; sourceTree = "<group>"; };
		96A52D03136F236B00ED175D /* AtmosStore.h */ = {isa = PBXFileReference; fileEncoding = 4; lastKnownFileType = sourcecode.c.h; path = AtmosStore.h; sourceTree = "<group>"; };
		96A52D04136F236B00ED175D /* AtmosStore.m */ = {isa = PBXFileReference; fileEncoding = 4; lastKnownFileType = sourcecode.c.objc; path = AtmosStore.m; sourceTree = "<group>"; };
		96A52D05136F236B00ED175D /* AtmosObject.h */ = {isa = PBXFileReference; fileEncoding = 4; lastKnownFileType = sourcecode.c.h; path = AtmosObject.h; sourceTree = "<group>"; };
		96A52D06136F236B00ED175D /* AtmosObject.m */ = {isa = PBXFileReference; fileEncoding = 4; lastKnownFileType = sourcecode.c.objc; path = AtmosObject.m; sourceTree = "<group>"; };
		96A52D08136F236B00ED175D /* ListObjectsOperation.h */ = {isa = PBXFileReference; fileEncoding = 4; lastKnownFileType = sourcecode.c.h; path = ListObjectsOperation.h; sourceTree = "<group>"; };
		96A52D09136F236B00ED175D /* ListObjectsOperation.m */ = {isa = PBXFileReference; fileEncoding = 4; lastKnownFileType = sourcecode.c.objc; path = ListObjectsOperation.m; sourceTree = "<group>"; };
		96A52D0A136F236B00ED175D /* DownloadObjectOperation.h */ = {isa = PBXFileReference; fileEncoding = 4; lastKnownFileType = sourcecode.c.h; path = DownloadObjectOperation.h; sourceTree = "<group>"; };
		96A52D0B136F236B00ED175D /* DownloadObjectOperation.m */ = {isa = PBXFileReference; fileEncoding = 4; lastKnownFileType = sourcecode.c.objc; path = DownloadObjectOperation.m; sourceTree = "<group>"; };
		96A52D0C136F236B00ED175D /* GetListableTagsOperation.h */ = {isa = PBXFileReference; fileEncoding = 4; lastKnownFileType = sourcecode.c.h; path = GetListableTagsOperation.h; sourceTree = "<group>"; };
		96A52D0D136F236B00ED175D /* GetListableTagsOperation.m */ = {isa = PBXFileReference; fileEncoding = 4; lastKnownFileType = sourcecode.c.objc; path = GetListableTagsOperation.m; sourceTree = "<group>"; };
		96A52D0E136F236B00ED175D /* AtmosError.h */ = {isa = PBXFileReference; fileEncoding = 4; lastKnownFileType = sourcecode.c.h; path = AtmosError.h; sourceTree = "<group>"; };
		96A52D0F136F236B00ED175D /* AtmosError.m */ = {isa = PBXFileReference; fileEncoding = 4; lastKnownFileType = sourcecode.c.objc; path = AtmosError.m; sourceTree = "<group>"; };
		96A52D10136F236B00ED175D /* GetMetadataOperation.h */ = {isa = PBXFileReference; fileEncoding = 4; lastKnownFileType = sourcecode.c.h; path = GetMetadataOperation.h; sourceTree = "<group>"; };
		96A52D11136F236B00ED175D /* GetMetadataOperation.m */ = {isa = PBXFileReference; fileEncoding = 4; lastKnownFileType = sourcecode.c.objc; path = GetMetadataOperation.m; sourceTree = "<group>"; };
		96A52D12136F236B00ED175D /* SetMetadataOperation.h */ = {isa = PBXFileReference; fileEncoding = 4; lastKnownFileType = sourcecode.c.h; path = SetMetadataOperation.h; sourceTree = "<group>"; };
		96A52D13136F236B00ED175D /* SetMetadataOperation.m */ = {isa = PBXFileReference; fileEncoding = 4; lastKnownFileType = sourcecode.c.objc; path = SetMetadataOperation.m; sourceTree = "<group>"; };
		96A52D14136F236B00ED175D /* ObjectUploadOperation.h */ = {isa = PBXFileReference; fileEncoding = 4; lastKnownFileType = sourcecode.c.h; path = ObjectUploadOperation.h; sourceTree = "<group>"; };
		96A52D15136F236B00ED175D /* ObjectUploadOperation.m */ = {isa = PBXFileReference; fileEncoding = 4; lastKnownFileType = sourcecode.c.objc; path = ObjectUploadOperation.m; sourceTree = "<group>"; };
		96A52D16136F236B00ED175D /* DeleteObjectOperation.h */ = {isa = PBXFileReference; fileEncoding = 4; lastKnownFileType = sourcecode.c.h; path = DeleteObjectOperation.h; sourceTree = "<group>"; };
		96A52D17136F236B00ED175D /* DeleteObjectOperation.m */ = {isa = PBXFileReference; fileEncoding = 4; lastKnownFileType = sourcecode.c.objc; path = DeleteObjectOperation.m; sourceTree = "<group>"; };
		96A52D18136F236B00ED175D /* ListDirectoryOperation.h */ = {isa = PBXFileReference; fileEncoding = 4; lastKnownFileType = sourcecode.c.h; path = ListDirectoryOperation.h; sourceTree = "<group>"; };
		96A52D19136F236B00ED175D /* ListDirectoryOperation.m */ = {isa = PBXFileReference; fileEncoding = 4; lastKnownFileType = sourcecode.c.objc; path = ListDirectoryOperation.m; sourceTree = "<group>"; };
		96A52D1A136F236B00ED175D /* DeleteMetadataOperation.h */ = {isa = PBXFileReference; fileEncoding = 4; lastKnownFileType = sourcecode.c.h; path = DeleteMetadataOperation.h; sourceTree = "<group>"; };
		96A52D1B136F236B00ED175D /* DeleteMetadataOperation.m */ = {isa = PBXFileReference; fileEncoding = 4; lastKnownFileType = sourcecode.c.objc; path = DeleteMetadataOperation.m; sourceTree = "<group>"; };
/* End PBXFileReference section */

/* Begin PBXFrameworksBuildPhase section */
		96A4C429136F211E0038239F /* Frameworks */ = {
			isa = PBXFrameworksBuildPhase;
			buildActionMask = 2147483647;
			files = (
				96A4C430136F211E0038239F /* Foundation.framework in Frameworks */,
			);
			runOnlyForDeploymentPostprocessing = 0;
		};
/* End PBXFrameworksBuildPhase section */

/* Begin PBXGroup section */
		96A4C421136F211E0038239F = {
			isa = PBXGroup;
			children = (
				967CB6BE13719147003C9523 /* readme.txt */,
				96A4C431136F211E0038239F /* atmos-ios */,
				96A4C42E136F211E0038239F /* Frameworks */,
				96A4C42D136F211E0038239F /* Products */,
			);
			sourceTree = "<group>";
		};
		96A4C42D136F211E0038239F /* Products */ = {
			isa = PBXGroup;
			children = (
				96A4C42C136F211E0038239F /* libatmos.a */,
			);
			name = Products;
			sourceTree = "<group>";
		};
		96A4C42E136F211E0038239F /* Frameworks */ = {
			isa = PBXGroup;
			children = (
				96A4C42F136F211E0038239F /* Foundation.framework */,
				96A4C43A136F211E0038239F /* UIKit.framework */,
				96A4C43D136F211E0038239F /* CoreGraphics.framework */,
			);
			name = Frameworks;
			sourceTree = "<group>";
		};
		96A4C431136F211E0038239F /* atmos-ios */ = {
			isa = PBXGroup;
			children = (
				75B4BEDB137B304100449FCC /* AtmosObjectResult.h */,
				75B4BEDC137B304100449FCC /* AtmosObjectResult.m */,
				96A52CFD136F236B00ED175D /* NSData+Additions.h */,
				96A52CFE136F236B00ED175D /* NSData+Additions.m */,
				96A52CFF136F236B00ED175D /* AtmosBaseOperation.h */,
				96A52D00136F236B00ED175D /* AtmosBaseOperation.m */,
				96A52D01136F236B00ED175D /* AtmosCredentials.h */,
				96A52D02136F236B00ED175D /* AtmosCredentials.m */,
				96A52D03136F236B00ED175D /* AtmosStore.h */,
				96A52D04136F236B00ED175D /* AtmosStore.m */,
				96A52D05136F236B00ED175D /* AtmosObject.h */,
				96A52D06136F236B00ED175D /* AtmosObject.m */,
				96A52D08136F236B00ED175D /* ListObjectsOperation.h */,
				96A52D09136F236B00ED175D /* ListObjectsOperation.m */,
				96A52D0A136F236B00ED175D /* DownloadObjectOperation.h */,
				96A52D0B136F236B00ED175D /* DownloadObjectOperation.m */,
				96A52D0C136F236B00ED175D /* GetListableTagsOperation.h */,
				96A52D0D136F236B00ED175D /* GetListableTagsOperation.m */,
				96A52D0E136F236B00ED175D /* AtmosError.h */,
				96A52D0F136F236B00ED175D /* AtmosError.m */,
				96A52D10136F236B00ED175D /* GetMetadataOperation.h */,
				96A52D11136F236B00ED175D /* GetMetadataOperation.m */,
				96A52D12136F236B00ED175D /* SetMetadataOperation.h */,
				96A52D13136F236B00ED175D /* SetMetadataOperation.m */,
				96A52D14136F236B00ED175D /* ObjectUploadOperation.h */,
				96A52D15136F236B00ED175D /* ObjectUploadOperation.m */,
				96A52D16136F236B00ED175D /* DeleteObjectOperation.h */,
				96A52D17136F236B00ED175D /* DeleteObjectOperation.m */,
				96A52D18136F236B00ED175D /* ListDirectoryOperation.h */,
				96A52D19136F236B00ED175D /* ListDirectoryOperation.m */,
				96A52D1A136F236B00ED175D /* DeleteMetadataOperation.h */,
				96A52D1B136F236B00ED175D /* DeleteMetadataOperation.m */,
				96A4C432136F211E0038239F /* Supporting Files */,
				967CB6C01371A038003C9523 /* AtmosResult.h */,
				967CB6C11371A038003C9523 /* AtmosResult.m */,
				967CB6C41371A13D003C9523 /* GetListableTagsResult.h */,
				967CB6C51371A13D003C9523 /* GetListableTagsResult.m */,
				963C12DD1371E721008AB91F /* UploadProgress.h */,
				963C12DE1371E722008AB91F /* UploadProgress.m */,
				963C12E11371ED8C008AB91F /* AtmosRange.h */,
				963C12E21371ED8C008AB91F /* AtmosRange.m */,
				963C12E513732B21008AB91F /* ListObjectsResult.h */,
				963C12E613732B21008AB91F /* ListObjectsResult.m */,
				963C12E9137397E1008AB91F /* DownloadProgress.h */,
				963C12EA137397E2008AB91F /* DownloadProgress.m */,
				969903E713788D5A0063DE0F /* ListDirectoryResult.h */,
				969903E813788D5A0063DE0F /* ListDirectoryResult.m */,
				96213BD91379C65300DA6CC6 /* GetServerOffsetOperation.h */,
				96213BDA1379C65300DA6CC6 /* GetServerOffsetOperation.m */,
				96213BDE1379C6B900DA6CC6 /* GetServerOffsetResult.h */,
				96213BDF1379C6B900DA6CC6 /* GetServerOffsetResult.m */,
				750DA83313844B530078D0CC /* RenameObjectOperation.h */,
				750DA83413844B530078D0CC /* RenameObjectOperation.m */,
				75F16D5C13B1098C004A96A3 /* ServiceInformation.h */,
				75F16D5D13B1098C004A96A3 /* ServiceInformation.m */,
				75F16D6113B130A8004A96A3 /* GetServiceInformationOperation.h */,
				75F16D6213B130A8004A96A3 /* GetServiceInformationOperation.m */,
			);
			path = "atmos-ios";
			sourceTree = "<group>";
		};
		96A4C432136F211E0038239F /* Supporting Files */ = {
			isa = PBXGroup;
			children = (
				96A4C433136F211E0038239F /* atmos-ios-Prefix.pch */,
			);
			name = "Supporting Files";
			sourceTree = "<group>";
		};
/* End PBXGroup section */

/* Begin PBXHeadersBuildPhase section */
		96A4C42A136F211E0038239F /* Headers */ = {
			isa = PBXHeadersBuildPhase;
			buildActionMask = 2147483647;
			files = (
				96A52D1C136F236B00ED175D /* NSData+Additions.h in Headers */,
				96A52D1E136F236B00ED175D /* AtmosBaseOperation.h in Headers */,
				96A52D20136F236B00ED175D /* AtmosCredentials.h in Headers */,
				96A52D22136F236B00ED175D /* AtmosStore.h in Headers */,
				96A52D24136F236B00ED175D /* AtmosObject.h in Headers */,
				96A52D27136F236B00ED175D /* ListObjectsOperation.h in Headers */,
				96A52D29136F236B00ED175D /* DownloadObjectOperation.h in Headers */,
				96A52D2B136F236B00ED175D /* GetListableTagsOperation.h in Headers */,
				96A52D2D136F236B00ED175D /* AtmosError.h in Headers */,
				96A52D2F136F236B00ED175D /* GetMetadataOperation.h in Headers */,
				96A52D31136F236B00ED175D /* SetMetadataOperation.h in Headers */,
				96A52D33136F236B00ED175D /* ObjectUploadOperation.h in Headers */,
				96A52D35136F236B00ED175D /* DeleteObjectOperation.h in Headers */,
				96A52D37136F236B00ED175D /* ListDirectoryOperation.h in Headers */,
				96A52D39136F236B00ED175D /* DeleteMetadataOperation.h in Headers */,
				967CB6C21371A038003C9523 /* AtmosResult.h in Headers */,
				963C12E31371ED8C008AB91F /* AtmosRange.h in Headers */,
				963C12DF1371E722008AB91F /* UploadProgress.h in Headers */,
				963C12E713732B21008AB91F /* ListObjectsResult.h in Headers */,
				963C12EB137397E3008AB91F /* DownloadProgress.h in Headers */,
				967CB6C61371A13E003C9523 /* GetListableTagsResult.h in Headers */,
				96213BDB1379C65300DA6CC6 /* GetServerOffsetOperation.h in Headers */,
				96213BE01379C6B900DA6CC6 /* GetServerOffsetResult.h in Headers */,
				750DA83513844B530078D0CC /* RenameObjectOperation.h in Headers */,
				75F16D5E13B1098C004A96A3 /* ServiceInformation.h in Headers */,
				75B4BEDD137B304100449FCC /* AtmosObjectResult.h in Headers */,
				969903E913788D5A0063DE0F /* ListDirectoryResult.h in Headers */,
				75F16D6313B130A8004A96A3 /* GetServiceInformationOperation.h in Headers */,
			);
			runOnlyForDeploymentPostprocessing = 0;
		};
/* End PBXHeadersBuildPhase section */

/* Begin PBXNativeTarget section */
		96A4C42B136F211E0038239F /* atmos-ios */ = {
			isa = PBXNativeTarget;
			buildConfigurationList = 96A4C44F136F211E0038239F /* Build configuration list for PBXNativeTarget "atmos-ios" */;
			buildPhases = (
				96A4C428136F211E0038239F /* Sources */,
				96A4C429136F211E0038239F /* Frameworks */,
				96A4C42A136F211E0038239F /* Headers */,
			);
			buildRules = (
			);
			dependencies = (
			);
			name = "atmos-ios";
			productName = "atmos-ios";
			productReference = 96A4C42C136F211E0038239F /* libatmos.a */;
			productType = "com.apple.product-type.library.static";
		};
/* End PBXNativeTarget section */

/* Begin PBXProject section */
		96A4C423136F211E0038239F /* Project object */ = {
			isa = PBXProject;
			buildConfigurationList = 96A4C426136F211E0038239F /* Build configuration list for PBXProject "atmos-ios" */;
			compatibilityVersion = "Xcode 3.2";
			developmentRegion = English;
			hasScannedForEncodings = 0;
			knownRegions = (
				en,
			);
			mainGroup = 96A4C421136F211E0038239F;
			productRefGroup = 96A4C42D136F211E0038239F /* Products */;
			projectDirPath = "";
			projectRoot = "";
			targets = (
				96A4C42B136F211E0038239F /* atmos-ios */,
			);
		};
/* End PBXProject section */

/* Begin PBXSourcesBuildPhase section */
		96A4C428136F211E0038239F /* Sources */ = {
			isa = PBXSourcesBuildPhase;
			buildActionMask = 2147483647;
			files = (
				96A52D1D136F236B00ED175D /* NSData+Additions.m in Sources */,
				96A52D1F136F236B00ED175D /* AtmosBaseOperation.m in Sources */,
				96A52D21136F236B00ED175D /* AtmosCredentials.m in Sources */,
				96A52D23136F236B00ED175D /* AtmosStore.m in Sources */,
				96A52D25136F236B00ED175D /* AtmosObject.m in Sources */,
				96A52D28136F236B00ED175D /* ListObjectsOperation.m in Sources */,
				96A52D2A136F236B00ED175D /* DownloadObjectOperation.m in Sources */,
				96A52D2C136F236B00ED175D /* GetListableTagsOperation.m in Sources */,
				96A52D2E136F236B00ED175D /* AtmosError.m in Sources */,
				96A52D30136F236B00ED175D /* GetMetadataOperation.m in Sources */,
				96A52D32136F236B00ED175D /* SetMetadataOperation.m in Sources */,
				96A52D34136F236B00ED175D /* ObjectUploadOperation.m in Sources */,
				96A52D36136F236B00ED175D /* DeleteObjectOperation.m in Sources */,
				96A52D38136F236B00ED175D /* ListDirectoryOperation.m in Sources */,
				96A52D3A136F236B00ED175D /* DeleteMetadataOperation.m in Sources */,
				967CB6C31371A038003C9523 /* AtmosResult.m in Sources */,
				967CB6C71371A13E003C9523 /* GetListableTagsResult.m in Sources */,
				963C12E01371E722008AB91F /* UploadProgress.m in Sources */,
				963C12E41371ED8C008AB91F /* AtmosRange.m in Sources */,
				963C12E813732B21008AB91F /* ListObjectsResult.m in Sources */,
				963C12EC137397E3008AB91F /* DownloadProgress.m in Sources */,
				969903EA13788D5A0063DE0F /* ListDirectoryResult.m in Sources */,
				96213BDC1379C65300DA6CC6 /* GetServerOffsetOperation.m in Sources */,
				96213BE11379C6B900DA6CC6 /* GetServerOffsetResult.m in Sources */,
				75B4BEDE137B304100449FCC /* AtmosObjectResult.m in Sources */,
				750DA83613844B530078D0CC /* RenameObjectOperation.m in Sources */,
				75F16D5F13B1098C004A96A3 /* ServiceInformation.m in Sources */,
				75F16D6413B130A8004A96A3 /* GetServiceInformationOperation.m in Sources */,
			);
			runOnlyForDeploymentPostprocessing = 0;
		};
/* End PBXSourcesBuildPhase section */

/* Begin XCBuildConfiguration section */
		96A4C44D136F211E0038239F /* Debug */ = {
			isa = XCBuildConfiguration;
			buildSettings = {
				ARCHS = "$(ARCHS_STANDARD_32_BIT)";
				GCC_C_LANGUAGE_STANDARD = gnu99;
				GCC_OPTIMIZATION_LEVEL = 0;
				GCC_PREPROCESSOR_DEFINITIONS = DEBUG;
				GCC_SYMBOLS_PRIVATE_EXTERN = NO;
				GCC_VERSION = com.apple.compilers.llvmgcc42;
				GCC_WARN_ABOUT_RETURN_TYPE = YES;
				GCC_WARN_UNUSED_VARIABLE = YES;
				IPHONEOS_DEPLOYMENT_TARGET = 4.0;
				SDKROOT = iphoneos;
			};
			name = Debug;
		};
		96A4C44E136F211E0038239F /* Release */ = {
			isa = XCBuildConfiguration;
			buildSettings = {
				ARCHS = "$(ARCHS_STANDARD_32_BIT)";
				GCC_C_LANGUAGE_STANDARD = gnu99;
				GCC_VERSION = com.apple.compilers.llvmgcc42;
				GCC_WARN_ABOUT_RETURN_TYPE = YES;
				GCC_WARN_UNUSED_VARIABLE = YES;
				IPHONEOS_DEPLOYMENT_TARGET = 4.0;
				SDKROOT = iphoneos;
			};
			name = Release;
		};
		96A4C450136F211E0038239F /* Debug */ = {
			isa = XCBuildConfiguration;
			buildSettings = {
				ALWAYS_SEARCH_USER_PATHS = NO;
				DSTROOT = /tmp/atmos_ios.dst;
				GCC_PRECOMPILE_PREFIX_HEADER = YES;
				GCC_PREFIX_HEADER = "atmos-ios/atmos-ios-Prefix.pch";
				OTHER_LDFLAGS = "-ObjC";
				PRODUCT_NAME = atmos;
			};
			name = Debug;
		};
		96A4C451136F211E0038239F /* Release */ = {
			isa = XCBuildConfiguration;
			buildSettings = {
				ALWAYS_SEARCH_USER_PATHS = NO;
				DSTROOT = /tmp/atmos_ios.dst;
				GCC_PRECOMPILE_PREFIX_HEADER = YES;
				GCC_PREFIX_HEADER = "atmos-ios/atmos-ios-Prefix.pch";
				OTHER_LDFLAGS = "-ObjC";
				PRODUCT_NAME = atmos;
			};
			name = Release;
		};
/* End XCBuildConfiguration section */

/* Begin XCConfigurationList section */
		96A4C426136F211E0038239F /* Build configuration list for PBXProject "atmos-ios" */ = {
			isa = XCConfigurationList;
			buildConfigurations = (
				96A4C44D136F211E0038239F /* Debug */,
				96A4C44E136F211E0038239F /* Release */,
			);
			defaultConfigurationIsVisible = 0;
			defaultConfigurationName = Release;
		};
		96A4C44F136F211E0038239F /* Build configuration list for PBXNativeTarget "atmos-ios" */ = {
			isa = XCConfigurationList;
			buildConfigurations = (
				96A4C450136F211E0038239F /* Debug */,
				96A4C451136F211E0038239F /* Release */,
			);
			defaultConfigurationIsVisible = 0;
			defaultConfigurationName = Release;
		};
/* End XCConfigurationList section */
	};
	rootObject = 96A4C423136F211E0038239F /* Project object */;
}
